
Microsoft Visual Studio Solution File, Format Version 12.00
# Visual Studio Version 17
VisualStudioVersion = 17.7.34003.232
MinimumVisualStudioVersion = 10.0.40219.1
Project("{9A19103F-16F7-4668-BE54-9A1E7A4F7556}") = "TestTask", "TestTask\TestTask.csproj", "{64A5FA1C-F921-4D2C-B4E1-68EA33FC88DD}"
EndProject
Project("{FAE04EC0-301F-11D3-BF4B-00C04F79EFBC}") = "TestFunc", "TestFunc\TestFunc.csproj", "{FD4FB862-0ADA-4F98-B086-E4FBB8582473}"
EndProject
Project("{FAE04EC0-301F-11D3-BF4B-00C04F79EFBC}") = "testMyApp", "testMyApp\testMyApp.csproj", "{4600BF63-11CA-4F1A-B3FE-83169BEDF05C}"
EndProject
Global
	GlobalSection(SolutionConfigurationPlatforms) = preSolution
		Debug|Any CPU = Debug|Any CPU
		Release|Any CPU = Release|Any CPU
	EndGlobalSection
	GlobalSection(ProjectConfigurationPlatforms) = postSolution
		{64A5FA1C-F921-4D2C-B4E1-68EA33FC88DD}.Debug|Any CPU.ActiveCfg = Debug|Any CPU
		{64A5FA1C-F921-4D2C-B4E1-68EA33FC88DD}.Debug|Any CPU.Build.0 = Debug|Any CPU
		{64A5FA1C-F921-4D2C-B4E1-68EA33FC88DD}.Release|Any CPU.ActiveCfg = Release|Any CPU
		{64A5FA1C-F921-4D2C-B4E1-68EA33FC88DD}.Release|Any CPU.Build.0 = Release|Any CPU
		{FD4FB862-0ADA-4F98-B086-E4FBB8582473}.Debug|Any CPU.ActiveCfg = Debug|Any CPU
		{FD4FB862-0ADA-4F98-B086-E4FBB8582473}.Debug|Any CPU.Build.0 = Debug|Any CPU
		{FD4FB862-0ADA-4F98-B086-E4FBB8582473}.Release|Any CPU.ActiveCfg = Release|Any CPU
		{FD4FB862-0ADA-4F98-B086-E4FBB8582473}.Release|Any CPU.Build.0 = Release|Any CPU
		{4600BF63-11CA-4F1A-B3FE-83169BEDF05C}.Debug|Any CPU.ActiveCfg = Debug|Any CPU
		{4600BF63-11CA-4F1A-B3FE-83169BEDF05C}.Debug|Any CPU.Build.0 = Debug|Any CPU
		{4600BF63-11CA-4F1A-B3FE-83169BEDF05C}.Release|Any CPU.ActiveCfg = Release|Any CPU
		{4600BF63-11CA-4F1A-B3FE-83169BEDF05C}.Release|Any CPU.Build.0 = Release|Any CPU
	EndGlobalSection
	GlobalSection(SolutionProperties) = preSolution
		HideSolutionNode = FALSE
	EndGlobalSection
	GlobalSection(ExtensibilityGlobals) = postSolution
		SolutionGuid = {77773408-51F1-4E42-A1BC-E982E2BFE6CF}
	EndGlobalSection
EndGlobal
